<?xml version="1.0" encoding="utf-8"?>
<Project ToolsVersion="4.0" xmlns="http://schemas.microsoft.com/developer/msbuild/2003">
  <ItemGroup>
    <Filter Include="Source Files">
      <UniqueIdentifier>{4FC737F1-C7A5-4376-A066-2A32D752A2FF}</UniqueIdentifier>
      <Extensions>cpp;c;cc;cxx;def;odl;idl;hpj;bat;asm;asmx</Extensions>
    </Filter>
    <Filter Include="Header Files">
      <UniqueIdentifier>{93995380-89BD-4b04-88EB-625FBE52EBFB}</UniqueIdentifier>
      <Extensions>h;hh;hpp;hxx;hm;inl;inc;ipp;xsd</Extensions>
    </Filter>
    <Filter Include="Resource Files">
      <UniqueIdentifier>{67DA6AB6-F800-4c08-8B7A-83BB121AAD01}</UniqueIdentifier>
      <Extensions>rc;ico;cur;bmp;dlg;rc2;rct;bin;rgs;gif;jpg;jpeg;jpe;resx;tiff;tif;png;wav;mfcribbon-ms</Extensions>
    </Filter>
    <Filter Include="Source Files\b1_interchange_sort">
      <UniqueIdentifier>{0b927313-d2f1-457e-9ba3-8fbf72aaad57}</UniqueIdentifier>
    </Filter>
    <Filter Include="Source Files\b2_selection_sort">
      <UniqueIdentifier>{9995c597-b947-489f-b48b-28696dc799f3}</UniqueIdentifier>
    </Filter>
    <Filter Include="Source Files\b3_bubble_sort">
      <UniqueIdentifier>{58db9a1f-9791-4e59-84a3-61e12163e116}</UniqueIdentifier>
    </Filter>
    <Filter Include="Source Files\b4_insertion_sort">
      <UniqueIdentifier>{e2a97288-854a-4048-9b12-d75d83dd838d}</UniqueIdentifier>
    </Filter>
    <Filter Include="Source Files\b5_heapSort">
      <UniqueIdentifier>{dcbed138-66d5-4951-8359-a8277d3d1270}</UniqueIdentifier>
    </Filter>
    <Filter Include="Source Files\c1_linear_search">
      <UniqueIdentifier>{669090f6-198a-41e0-be6c-2b3f51b8efe9}</UniqueIdentifier>
    </Filter>
  </ItemGroup>
  <ItemGroup>
    <ClCompile Include="InterchangeSort.cpp">
      <Filter>Source Files\b1_interchange_sort</Filter>
    </ClCompile>
    <ClCompile Include="SelectionSort.cpp">
      <Filter>Source Files\b2_selection_sort</Filter>
    </ClCompile>
    <ClCompile Include="BubbleSort.cpp">
      <Filter>Source Files\b3_bubble_sort</Filter>
    </ClCompile>
    <ClCompile Include="InsertionSort.cpp">
      <Filter>Source Files\b4_insertion_sort</Filter>
    </ClCompile>
    <ClCompile Include="heapSort.cpp">
      <Filter>Source Files\b5_heapSort</Filter>
    </ClCompile>
    <ClCompile Include="..\Search\LinearSearch.cpp">
      <Filter>Source Files\c1_linear_search</Filter>
    </ClCompile>
    <ClCompile Include="Sort.cpp">
      <Filter>Source Files</Filter>
    </ClCompile>
    <ClCompile Include="..\Search\Search.cpp">
      <Filter>Source Files</Filter>
    </ClCompile>
  </ItemGroup>
</Project>